{
  "name": "@loadingio/ldquery",
  "version": "2.0.0",
  "lockfileVersion": 2,
  "requires": true,
  "packages": {
    "": {
      "name": "@loadingio/ldquery",
      "version": "2.0.0",
      "license": "MIT",
      "dependencies": {
        "node-fetch": "^2.6.1"
      },
      "devDependencies": {
        "livescript": "^1.6.0",
        "uglify-js": "=3.4.9"
      },
      "engines": {
        "node": ">=10.14.1",
        "npm": ">=6.4.1"
      }
    },
    "node_modules/buffer-from": {
      "version": "1.1.1",
      "dev": true,
      "license": "MIT"
    },
    "node_modules/commander": {
      "version": "2.17.1",
      "dev": true,
      "license": "MIT"
    },
    "node_modules/deep-is": {
      "version": "0.1.3",
      "dev": true,
      "license": "MIT"
    },
    "node_modules/livescript": {
      "version": "1.6.0",
      "dev": true,
      "license": "MIT",
      "dependencies": {
        "optionator": "~0.8.2",
        "prelude-ls": "~1.1.2",
        "source-map": "=0.6.1",
        "source-map-support": "=0.5.6"
      },
      "bin": {
        "lsc": "bin/lsc"
      },
      "engines": {
        "node": ">= 0.8.0"
      }
    },
    "node_modules/livescript/node_modules/fast-levenshtein": {
      "version": "2.0.6",
      "dev": true,
      "license": "MIT"
    },
    "node_modules/livescript/node_modules/levn": {
      "version": "0.3.0",
      "dev": true,
      "license": "MIT",
      "dependencies": {
        "prelude-ls": "~1.1.2",
        "type-check": "~0.3.2"
      },
      "engines": {
        "node": ">= 0.8.0"
      }
    },
    "node_modules/livescript/node_modules/optionator": {
      "version": "0.8.3",
      "dev": true,
      "license": "MIT",
      "dependencies": {
        "deep-is": "~0.1.3",
        "fast-levenshtein": "~2.0.6",
        "levn": "~0.3.0",
        "prelude-ls": "~1.1.2",
        "type-check": "~0.3.2",
        "word-wrap": "~1.2.3"
      },
      "engines": {
        "node": ">= 0.8.0"
      }
    },
    "node_modules/node-fetch": {
      "version": "2.6.1",
      "license": "MIT",
      "engines": {
        "node": "4.x || >=6.0.0"
      }
    },
    "node_modules/prelude-ls": {
      "version": "1.1.2",
      "dev": true,
      "engines": {
        "node": ">= 0.8.0"
      }
    },
    "node_modules/source-map": {
      "version": "0.6.1",
      "dev": true,
      "license": "BSD-3-Clause",
      "engines": {
        "node": ">=0.10.0"
      }
    },
    "node_modules/source-map-support": {
      "version": "0.5.6",
      "dev": true,
      "license": "MIT",
      "dependencies": {
        "buffer-from": "^1.0.0",
        "source-map": "^0.6.0"
      }
    },
    "node_modules/type-check": {
      "version": "0.3.2",
      "dev": true,
      "license": "MIT",
      "dependencies": {
        "prelude-ls": "~1.1.2"
      },
      "engines": {
        "node": ">= 0.8.0"
      }
    },
    "node_modules/uglify-js": {
      "version": "3.4.9",
      "dev": true,
      "license": "BSD-2-Clause",
      "dependencies": {
        "commander": "~2.17.1",
        "source-map": "~0.6.1"
      },
      "bin": {
        "uglifyjs": "bin/uglifyjs"
      },
      "engines": {
        "node": ">=0.8.0"
      }
    },
    "node_modules/word-wrap": {
      "version": "1.2.3",
      "dev": true,
      "license": "MIT",
      "engines": {
        "node": ">=0.10.0"
      }
    }
  },
  "dependencies": {
    "buffer-from": {
      "version": "1.1.1",
      "dev": true
    },
    "commander": {
      "version": "2.17.1",
      "dev": true
    },
    "deep-is": {
      "version": "0.1.3",
      "dev": true
    },
    "livescript": {
      "version": "1.6.0",
      "dev": true,
      "requires": {
        "optionator": "~0.8.2",
        "prelude-ls": "~1.1.2",
        "source-map": "=0.6.1",
        "source-map-support": "=0.5.6"
      },
      "dependencies": {
        "fast-levenshtein": {
          "version": "2.0.6",
          "dev": true
        },
        "levn": {
          "version": "0.3.0",
          "dev": true,
          "requires": {
            "prelude-ls": "~1.1.2",
            "type-check": "~0.3.2"
          }
        },
        "optionator": {
          "version": "0.8.3",
          "dev": true,
          "requires": {
            "deep-is": "~0.1.3",
            "fast-levenshtein": "~2.0.6",
            "levn": "~0.3.0",
            "prelude-ls": "~1.1.2",
            "type-check": "~0.3.2",
            "word-wrap": "~1.2.3"
          }
        }
      }
    },
    "node-fetch": {
      "version": "2.6.1"
    },
    "prelude-ls": {
      "version": "1.1.2",
      "dev": true
    },
    "source-map": {
      "version": "0.6.1",
      "dev": true
    },
    "source-map-support": {
      "version": "0.5.6",
      "dev": true,
      "requires": {
        "buffer-from": "^1.0.0",
        "source-map": "^0.6.0"
      }
    },
    "type-check": {
      "version": "0.3.2",
      "dev": true,
      "requires": {
        "prelude-ls": "~1.1.2"
      }
    },
    "uglify-js": {
      "version": "3.4.9",
      "dev": true,
      "requires": {
        "commander": "~2.17.1",
        "source-map": "~0.6.1"
      }
    },
    "word-wrap": {
      "version": "1.2.3",
      "dev": true
    }
  }
}
